{
  "version": 4,
  "terraform_version": "1.3.7",
  "serial": 21,
  "lineage": "f6ecd1dc-ab83-e122-9264-9a84d4cd158e",
  "outputs": {},
  "resources": [
    {
      "mode": "data",
      "type": "template_file",
      "name": "master-01_metadata",
      "provider": "provider[\"registry.terraform.io/hashicorp/template\"]",
      "instances": [
        {
          "schema_version": 0,
          "attributes": {
            "filename": null,
            "id": "10f31b57e41a292dd072532211f8316b482f7fcd44b58490c7ff6971504d780d",
            "rendered": "#cloud-config\nlocal-hostname: master-01\ninstance-id: master-01\nnetwork:\n  version: 2\n  ethernets:\n    eth0:\n      dhcp4: false\n      addresses:\n        - 192.168.0.134/24\n      gateway4: 192.168.0.1\n      nameservers:\n        addresses:\n          - 192.168.0.1\n          - 8.8.8.8\n          - 8.8.4.4",
            "template": "#cloud-config\nlocal-hostname: ${hostname}\ninstance-id: ${hostname}\nnetwork:\n  version: 2\n  ethernets:\n    eth0:\n      dhcp4: false\n      addresses:\n        - ${ipv4_addr_cidr}\n      gateway4: ${ipv4_gateway}\n      nameservers:\n        addresses:\n          - ${ipv4_gateway}\n          - 8.8.8.8\n          - 8.8.4.4",
            "vars": {
              "hostname": "master-01",
              "ipv4_addr_cidr": "192.168.0.134/24",
              "ipv4_gateway": "192.168.0.1"
            }
          },
          "sensitive_attributes": []
        }
      ]
    },
    {
      "mode": "data",
      "type": "template_file",
      "name": "master-01_userdata",
      "provider": "provider[\"registry.terraform.io/hashicorp/template\"]",
      "instances": [
        {
          "schema_version": 0,
          "attributes": {
            "filename": null,
            "id": "68805adec0924f3892c1b906c05f089f5104b6f540ea5b59d673926a412e1eba",
            "rendered": "#cloud-config\nhostname: master-01\npassword: supersecretpassword!\nchpasswd: { expire: False }\nssh_pwauth: False\nssh_authorized_keys:\n  - ssh-rsa AAAAB3NzaC1yc2EAAAABJQAAAQEAg6VerNwxyn1xSNDYD4GywushiG3F435jbJiKeRMNNw9s3CSuaIZvSKqhs5DJtJI40qOoREbLdRvxDfkpzNteOPDC+IW8U5+eP2IjFxIAC/5Q5i1LwpUBD/LdLY5hSsoStXScTC8bZ3TNNZjTG/aIAR9xoYUsjZyMdmuI1hm9Ou1dx6bHUPgVg//QThDUBPCgh3Rh57WXoYx8mvnG1RyxmSZk140uzNLqzIWz4Vs+8SX8kEs877oC3dS0fneq7bGQYyf1glzCaiSkuSb9usVFqPIjb9XWzGuRBszJxen7/UVilQd494RZcdHR99k6nFlo6sPK/QyKkhbo7XVa1IhYfQ== bzzqzw-key-20210320\ntimezone: \"America/Denver\"\npackage_update: true\npackages:\n  - xe-guest-utilities",
            "template": "#cloud-config\nhostname: ${hostname}\npassword: supersecretpassword!\nchpasswd: { expire: False }\nssh_pwauth: False\nssh_authorized_keys:\n  - ssh-rsa AAAAB3NzaC1yc2EAAAABJQAAAQEAg6VerNwxyn1xSNDYD4GywushiG3F435jbJiKeRMNNw9s3CSuaIZvSKqhs5DJtJI40qOoREbLdRvxDfkpzNteOPDC+IW8U5+eP2IjFxIAC/5Q5i1LwpUBD/LdLY5hSsoStXScTC8bZ3TNNZjTG/aIAR9xoYUsjZyMdmuI1hm9Ou1dx6bHUPgVg//QThDUBPCgh3Rh57WXoYx8mvnG1RyxmSZk140uzNLqzIWz4Vs+8SX8kEs877oC3dS0fneq7bGQYyf1glzCaiSkuSb9usVFqPIjb9XWzGuRBszJxen7/UVilQd494RZcdHR99k6nFlo6sPK/QyKkhbo7XVa1IhYfQ== bzzqzw-key-20210320\ntimezone: \"America/Denver\"\npackage_update: true\npackages:\n  - xe-guest-utilities",
            "vars": {
              "hostname": "master-01"
            }
          },
          "sensitive_attributes": []
        }
      ]
    },
    {
      "mode": "data",
      "type": "template_file",
      "name": "master-02_metadata",
      "provider": "provider[\"registry.terraform.io/hashicorp/template\"]",
      "instances": [
        {
          "schema_version": 0,
          "attributes": {
            "filename": null,
            "id": "5efac925b7c2aeea9a8a32b0356eae5ac6cdfd5141ae6e44cececfb3792f3047",
            "rendered": "#cloud-config\nlocal-hostname: master-02\ninstance-id: master-02\nnetwork:\n  version: 2\n  ethernets:\n    eth0:\n      dhcp4: false\n      addresses:\n        - 192.168.0.135/24\n      gateway4: 192.168.0.1\n      nameservers:\n        addresses:\n          - 192.168.0.1\n          - 8.8.8.8\n          - 8.8.4.4",
            "template": "#cloud-config\nlocal-hostname: ${hostname}\ninstance-id: ${hostname}\nnetwork:\n  version: 2\n  ethernets:\n    eth0:\n      dhcp4: false\n      addresses:\n        - ${ipv4_addr_cidr}\n      gateway4: ${ipv4_gateway}\n      nameservers:\n        addresses:\n          - ${ipv4_gateway}\n          - 8.8.8.8\n          - 8.8.4.4",
            "vars": {
              "hostname": "master-02",
              "ipv4_addr_cidr": "192.168.0.135/24",
              "ipv4_gateway": "192.168.0.1"
            }
          },
          "sensitive_attributes": []
        }
      ]
    },
    {
      "mode": "data",
      "type": "template_file",
      "name": "master-02_userdata",
      "provider": "provider[\"registry.terraform.io/hashicorp/template\"]",
      "instances": [
        {
          "schema_version": 0,
          "attributes": {
            "filename": null,
            "id": "ddae3455d50aa4049e93850dd676bcb8641a86ed9053afe616fbbb9c68d2962b",
            "rendered": "#cloud-config\nhostname: master-02\npassword: supersecretpassword!\nchpasswd: { expire: False }\nssh_pwauth: False\nssh_authorized_keys:\n  - ssh-rsa AAAAB3NzaC1yc2EAAAABJQAAAQEAg6VerNwxyn1xSNDYD4GywushiG3F435jbJiKeRMNNw9s3CSuaIZvSKqhs5DJtJI40qOoREbLdRvxDfkpzNteOPDC+IW8U5+eP2IjFxIAC/5Q5i1LwpUBD/LdLY5hSsoStXScTC8bZ3TNNZjTG/aIAR9xoYUsjZyMdmuI1hm9Ou1dx6bHUPgVg//QThDUBPCgh3Rh57WXoYx8mvnG1RyxmSZk140uzNLqzIWz4Vs+8SX8kEs877oC3dS0fneq7bGQYyf1glzCaiSkuSb9usVFqPIjb9XWzGuRBszJxen7/UVilQd494RZcdHR99k6nFlo6sPK/QyKkhbo7XVa1IhYfQ== bzzqzw-key-20210320\ntimezone: \"America/Denver\"\npackage_update: true\npackages:\n  - xe-guest-utilities",
            "template": "#cloud-config\nhostname: ${hostname}\npassword: supersecretpassword!\nchpasswd: { expire: False }\nssh_pwauth: False\nssh_authorized_keys:\n  - ssh-rsa AAAAB3NzaC1yc2EAAAABJQAAAQEAg6VerNwxyn1xSNDYD4GywushiG3F435jbJiKeRMNNw9s3CSuaIZvSKqhs5DJtJI40qOoREbLdRvxDfkpzNteOPDC+IW8U5+eP2IjFxIAC/5Q5i1LwpUBD/LdLY5hSsoStXScTC8bZ3TNNZjTG/aIAR9xoYUsjZyMdmuI1hm9Ou1dx6bHUPgVg//QThDUBPCgh3Rh57WXoYx8mvnG1RyxmSZk140uzNLqzIWz4Vs+8SX8kEs877oC3dS0fneq7bGQYyf1glzCaiSkuSb9usVFqPIjb9XWzGuRBszJxen7/UVilQd494RZcdHR99k6nFlo6sPK/QyKkhbo7XVa1IhYfQ== bzzqzw-key-20210320\ntimezone: \"America/Denver\"\npackage_update: true\npackages:\n  - xe-guest-utilities",
            "vars": {
              "hostname": "master-02"
            }
          },
          "sensitive_attributes": []
        }
      ]
    },
    {
      "mode": "data",
      "type": "xenorchestra_network",
      "name": "master-01_network",
      "provider": "provider[\"registry.terraform.io/terra-farm/xenorchestra\"]",
      "instances": [
        {
          "schema_version": 0,
          "attributes": {
            "bridge": "xenbr0",
            "id": "e85bd4b6-dd7b-f8a8-e83b-91948b2f8101",
            "name_label": "Pool-wide network associated with eth0",
            "pool_id": "964db3a7-107c-e853-c056-ddfe0c9ba4d5"
          },
          "sensitive_attributes": []
        }
      ]
    },
    {
      "mode": "data",
      "type": "xenorchestra_network",
      "name": "master-02_network",
      "provider": "provider[\"registry.terraform.io/terra-farm/xenorchestra\"]",
      "instances": [
        {
          "schema_version": 0,
          "attributes": {
            "bridge": "xenbr0",
            "id": "e85bd4b6-dd7b-f8a8-e83b-91948b2f8101",
            "name_label": "Pool-wide network associated with eth0",
            "pool_id": "964db3a7-107c-e853-c056-ddfe0c9ba4d5"
          },
          "sensitive_attributes": []
        }
      ]
    },
    {
      "mode": "data",
      "type": "xenorchestra_pool",
      "name": "master-01_pool",
      "provider": "provider[\"registry.terraform.io/terra-farm/xenorchestra\"]",
      "instances": [
        {
          "schema_version": 0,
          "attributes": {
            "cpus": {
              "cores": "8",
              "sockets": "1"
            },
            "description": "",
            "id": "964db3a7-107c-e853-c056-ddfe0c9ba4d5",
            "master": "4072ce3a-f208-4d5f-8648-f9cc43fda011",
            "name_label": "uscosvmeax11"
          },
          "sensitive_attributes": []
        }
      ]
    },
    {
      "mode": "data",
      "type": "xenorchestra_pool",
      "name": "master-02_pool",
      "provider": "provider[\"registry.terraform.io/terra-farm/xenorchestra\"]",
      "instances": [
        {
          "schema_version": 0,
          "attributes": {
            "cpus": {
              "cores": "8",
              "sockets": "1"
            },
            "description": "",
            "id": "964db3a7-107c-e853-c056-ddfe0c9ba4d5",
            "master": "4072ce3a-f208-4d5f-8648-f9cc43fda011",
            "name_label": "uscosvmeax11"
          },
          "sensitive_attributes": []
        }
      ]
    },
    {
      "mode": "data",
      "type": "xenorchestra_sr",
      "name": "master-01_sr",
      "provider": "provider[\"registry.terraform.io/terra-farm/xenorchestra\"]",
      "instances": [
        {
          "schema_version": 0,
          "attributes": {
            "container": "4072ce3a-f208-4d5f-8648-f9cc43fda011",
            "id": "9573a5ae-5b8f-9d74-f48f-1018a1895716",
            "name_label": "Local storage",
            "physical_usage": 177502945280,
            "pool_id": "964db3a7-107c-e853-c056-ddfe0c9ba4d5",
            "size": 455530774528,
            "sr_type": "lvm",
            "tags": null,
            "usage": 300656099328,
            "uuid": "9573a5ae-5b8f-9d74-f48f-1018a1895716"
          },
          "sensitive_attributes": []
        }
      ]
    },
    {
      "mode": "data",
      "type": "xenorchestra_sr",
      "name": "master-02_sr",
      "provider": "provider[\"registry.terraform.io/terra-farm/xenorchestra\"]",
      "instances": [
        {
          "schema_version": 0,
          "attributes": {
            "container": "4072ce3a-f208-4d5f-8648-f9cc43fda011",
            "id": "9573a5ae-5b8f-9d74-f48f-1018a1895716",
            "name_label": "Local storage",
            "physical_usage": 177502945280,
            "pool_id": "964db3a7-107c-e853-c056-ddfe0c9ba4d5",
            "size": 455530774528,
            "sr_type": "lvm",
            "tags": null,
            "usage": 300656099328,
            "uuid": "9573a5ae-5b8f-9d74-f48f-1018a1895716"
          },
          "sensitive_attributes": []
        }
      ]
    },
    {
      "mode": "data",
      "type": "xenorchestra_template",
      "name": "master-01_template",
      "provider": "provider[\"registry.terraform.io/terra-farm/xenorchestra\"]",
      "instances": [
        {
          "schema_version": 0,
          "attributes": {
            "id": "3b6330c8-4b93-c3b5-977c-ebab7b503c18",
            "name_label": "ubuntu-20.04-cloud-base",
            "pool_id": "964db3a7-107c-e853-c056-ddfe0c9ba4d5",
            "uuid": "3b6330c8-4b93-c3b5-977c-ebab7b503c18"
          },
          "sensitive_attributes": []
        }
      ]
    },
    {
      "mode": "data",
      "type": "xenorchestra_template",
      "name": "master-02_template",
      "provider": "provider[\"registry.terraform.io/terra-farm/xenorchestra\"]",
      "instances": [
        {
          "schema_version": 0,
          "attributes": {
            "id": "3b6330c8-4b93-c3b5-977c-ebab7b503c18",
            "name_label": "ubuntu-20.04-cloud-base",
            "pool_id": "964db3a7-107c-e853-c056-ddfe0c9ba4d5",
            "uuid": "3b6330c8-4b93-c3b5-977c-ebab7b503c18"
          },
          "sensitive_attributes": []
        }
      ]
    },
    {
      "mode": "managed",
      "type": "xenorchestra_cloud_config",
      "name": "master-01_metadataconfig",
      "provider": "provider[\"registry.terraform.io/terra-farm/xenorchestra\"]",
      "instances": [
        {
          "schema_version": 0,
          "attributes": {
            "id": "926bb4c0-eaf4-4ef9-83be-b65136ff9add",
            "name": "network data config",
            "template": "#cloud-config\nlocal-hostname: master-01\ninstance-id: master-01\nnetwork:\n  version: 2\n  ethernets:\n    eth0:\n      dhcp4: false\n      addresses:\n        - 192.168.0.134/24\n      gateway4: 192.168.0.1\n      nameservers:\n        addresses:\n          - 192.168.0.1\n          - 8.8.8.8\n          - 8.8.4.4"
          },
          "sensitive_attributes": [],
          "private": "bnVsbA==",
          "dependencies": [
            "data.template_file.master-01_metadata"
          ]
        }
      ]
    },
    {
      "mode": "managed",
      "type": "xenorchestra_cloud_config",
      "name": "master-01_userdataconfig",
      "provider": "provider[\"registry.terraform.io/terra-farm/xenorchestra\"]",
      "instances": [
        {
          "schema_version": 0,
          "attributes": {
            "id": "c37a260d-c854-4de0-9700-83cf39fa8dc1",
            "name": "user data config",
            "template": "#cloud-config\nhostname: master-01\npassword: supersecretpassword!\nchpasswd: { expire: False }\nssh_pwauth: False\nssh_authorized_keys:\n  - ssh-rsa AAAAB3NzaC1yc2EAAAABJQAAAQEAg6VerNwxyn1xSNDYD4GywushiG3F435jbJiKeRMNNw9s3CSuaIZvSKqhs5DJtJI40qOoREbLdRvxDfkpzNteOPDC+IW8U5+eP2IjFxIAC/5Q5i1LwpUBD/LdLY5hSsoStXScTC8bZ3TNNZjTG/aIAR9xoYUsjZyMdmuI1hm9Ou1dx6bHUPgVg//QThDUBPCgh3Rh57WXoYx8mvnG1RyxmSZk140uzNLqzIWz4Vs+8SX8kEs877oC3dS0fneq7bGQYyf1glzCaiSkuSb9usVFqPIjb9XWzGuRBszJxen7/UVilQd494RZcdHR99k6nFlo6sPK/QyKkhbo7XVa1IhYfQ== bzzqzw-key-20210320\ntimezone: \"America/Denver\"\npackage_update: true\npackages:\n  - xe-guest-utilities"
          },
          "sensitive_attributes": [],
          "private": "bnVsbA==",
          "dependencies": [
            "data.template_file.master-01_userdata"
          ]
        }
      ]
    },
    {
      "mode": "managed",
      "type": "xenorchestra_cloud_config",
      "name": "master-02_metadataconfig",
      "provider": "provider[\"registry.terraform.io/terra-farm/xenorchestra\"]",
      "instances": [
        {
          "schema_version": 0,
          "attributes": {
            "id": "b7840954-1ea2-4b34-bda5-adc38a8de6bd",
            "name": "network data config",
            "template": "#cloud-config\nlocal-hostname: master-02\ninstance-id: master-02\nnetwork:\n  version: 2\n  ethernets:\n    eth0:\n      dhcp4: false\n      addresses:\n        - 192.168.0.135/24\n      gateway4: 192.168.0.1\n      nameservers:\n        addresses:\n          - 192.168.0.1\n          - 8.8.8.8\n          - 8.8.4.4"
          },
          "sensitive_attributes": [],
          "private": "bnVsbA==",
          "dependencies": [
            "data.template_file.master-02_metadata"
          ]
        }
      ]
    },
    {
      "mode": "managed",
      "type": "xenorchestra_cloud_config",
      "name": "master-02_userdataconfig",
      "provider": "provider[\"registry.terraform.io/terra-farm/xenorchestra\"]",
      "instances": [
        {
          "schema_version": 0,
          "attributes": {
            "id": "34b4c2e3-dd75-48fe-b25c-bcee337422ed",
            "name": "user data config",
            "template": "#cloud-config\nhostname: master-02\npassword: supersecretpassword!\nchpasswd: { expire: False }\nssh_pwauth: False\nssh_authorized_keys:\n  - ssh-rsa AAAAB3NzaC1yc2EAAAABJQAAAQEAg6VerNwxyn1xSNDYD4GywushiG3F435jbJiKeRMNNw9s3CSuaIZvSKqhs5DJtJI40qOoREbLdRvxDfkpzNteOPDC+IW8U5+eP2IjFxIAC/5Q5i1LwpUBD/LdLY5hSsoStXScTC8bZ3TNNZjTG/aIAR9xoYUsjZyMdmuI1hm9Ou1dx6bHUPgVg//QThDUBPCgh3Rh57WXoYx8mvnG1RyxmSZk140uzNLqzIWz4Vs+8SX8kEs877oC3dS0fneq7bGQYyf1glzCaiSkuSb9usVFqPIjb9XWzGuRBszJxen7/UVilQd494RZcdHR99k6nFlo6sPK/QyKkhbo7XVa1IhYfQ== bzzqzw-key-20210320\ntimezone: \"America/Denver\"\npackage_update: true\npackages:\n  - xe-guest-utilities"
          },
          "sensitive_attributes": [],
          "private": "bnVsbA==",
          "dependencies": [
            "data.template_file.master-02_userdata"
          ]
        }
      ]
    },
    {
      "mode": "managed",
      "type": "xenorchestra_vm",
      "name": "master-01",
      "provider": "provider[\"registry.terraform.io/terra-farm/xenorchestra\"]",
      "instances": [
        {
          "schema_version": 0,
          "attributes": {
            "affinity_host": "",
            "auto_poweron": false,
            "blocked_operations": null,
            "cdrom": [],
            "cloud_config": "#cloud-config\nhostname: master-01\npassword: supersecretpassword!\nchpasswd: { expire: False }\nssh_pwauth: False\nssh_authorized_keys:\n  - ssh-rsa AAAAB3NzaC1yc2EAAAABJQAAAQEAg6VerNwxyn1xSNDYD4GywushiG3F435jbJiKeRMNNw9s3CSuaIZvSKqhs5DJtJI40qOoREbLdRvxDfkpzNteOPDC+IW8U5+eP2IjFxIAC/5Q5i1LwpUBD/LdLY5hSsoStXScTC8bZ3TNNZjTG/aIAR9xoYUsjZyMdmuI1hm9Ou1dx6bHUPgVg//QThDUBPCgh3Rh57WXoYx8mvnG1RyxmSZk140uzNLqzIWz4Vs+8SX8kEs877oC3dS0fneq7bGQYyf1glzCaiSkuSb9usVFqPIjb9XWzGuRBszJxen7/UVilQd494RZcdHR99k6nFlo6sPK/QyKkhbo7XVa1IhYfQ== bzzqzw-key-20210320\ntimezone: \"America/Denver\"\npackage_update: true\npackages:\n  - xe-guest-utilities",
            "cloud_network_config": "#cloud-config\nlocal-hostname: master-01\ninstance-id: master-01\nnetwork:\n  version: 2\n  ethernets:\n    eth0:\n      dhcp4: false\n      addresses:\n        - 192.168.0.134/24\n      gateway4: 192.168.0.1\n      nameservers:\n        addresses:\n          - 192.168.0.1\n          - 8.8.8.8\n          - 8.8.4.4",
            "core_os": false,
            "cpu_cap": 0,
            "cpu_weight": 0,
            "cpus": 2,
            "disk": [
              {
                "attached": true,
                "name_description": "",
                "name_label": "VM root volume",
                "position": "0",
                "size": 50214207488,
                "sr_id": "9573a5ae-5b8f-9d74-f48f-1018a1895716",
                "vbd_id": "fb26951f-a8dd-aff7-e7ff-b338ea08fbdf",
                "vdi_id": "198e299e-c27d-44ad-a910-66bcb44a2ef0"
              }
            ],
            "exp_nested_hvm": false,
            "high_availability": "",
            "host": null,
            "hvm_boot_firmware": "bios",
            "id": "421591f3-632e-daf8-a03b-ce2bce9099df",
            "installation_method": null,
            "ipv4_addresses": [],
            "ipv6_addresses": [],
            "memory_max": 2147467264,
            "name_description": "",
            "name_label": "master-01",
            "network": [
              {
                "attached": true,
                "device": "0",
                "ipv4_addresses": [],
                "ipv6_addresses": [],
                "mac_address": "9e:cb:44:b3:cc:0e",
                "network_id": "e85bd4b6-dd7b-f8a8-e83b-91948b2f8101"
              }
            ],
            "power_state": "Running",
            "resource_set": "",
            "start_delay": 0,
            "tags": null,
            "template": "3b6330c8-4b93-c3b5-977c-ebab7b503c18",
            "timeouts": null,
            "vga": "std",
            "videoram": 8,
            "wait_for_ip": false
          },
          "sensitive_attributes": [],
          "private": "eyJlMmJmYjczMC1lY2FhLTExZTYtOGY4OC0zNDM2M2JjN2M0YzAiOnsiY3JlYXRlIjozMDAwMDAwMDAwMDAsImRlbGV0ZSI6MzAwMDAwMDAwMDAwLCJ1cGRhdGUiOjMwMDAwMDAwMDAwMH19",
          "dependencies": [
            "data.template_file.master-01_metadata",
            "data.template_file.master-01_userdata",
            "data.xenorchestra_network.master-01_network",
            "data.xenorchestra_sr.master-01_sr",
            "data.xenorchestra_template.master-01_template",
            "xenorchestra_cloud_config.master-01_metadataconfig",
            "xenorchestra_cloud_config.master-01_userdataconfig"
          ]
        }
      ]
    },
    {
      "mode": "managed",
      "type": "xenorchestra_vm",
      "name": "master-02",
      "provider": "provider[\"registry.terraform.io/terra-farm/xenorchestra\"]",
      "instances": [
        {
          "schema_version": 0,
          "attributes": {
            "affinity_host": "",
            "auto_poweron": false,
            "blocked_operations": null,
            "cdrom": [],
            "cloud_config": "#cloud-config\nhostname: master-02\npassword: supersecretpassword!\nchpasswd: { expire: False }\nssh_pwauth: False\nssh_authorized_keys:\n  - ssh-rsa AAAAB3NzaC1yc2EAAAABJQAAAQEAg6VerNwxyn1xSNDYD4GywushiG3F435jbJiKeRMNNw9s3CSuaIZvSKqhs5DJtJI40qOoREbLdRvxDfkpzNteOPDC+IW8U5+eP2IjFxIAC/5Q5i1LwpUBD/LdLY5hSsoStXScTC8bZ3TNNZjTG/aIAR9xoYUsjZyMdmuI1hm9Ou1dx6bHUPgVg//QThDUBPCgh3Rh57WXoYx8mvnG1RyxmSZk140uzNLqzIWz4Vs+8SX8kEs877oC3dS0fneq7bGQYyf1glzCaiSkuSb9usVFqPIjb9XWzGuRBszJxen7/UVilQd494RZcdHR99k6nFlo6sPK/QyKkhbo7XVa1IhYfQ== bzzqzw-key-20210320\ntimezone: \"America/Denver\"\npackage_update: true\npackages:\n  - xe-guest-utilities",
            "cloud_network_config": "#cloud-config\nlocal-hostname: master-02\ninstance-id: master-02\nnetwork:\n  version: 2\n  ethernets:\n    eth0:\n      dhcp4: false\n      addresses:\n        - 192.168.0.135/24\n      gateway4: 192.168.0.1\n      nameservers:\n        addresses:\n          - 192.168.0.1\n          - 8.8.8.8\n          - 8.8.4.4",
            "core_os": false,
            "cpu_cap": 0,
            "cpu_weight": 0,
            "cpus": 2,
            "disk": [
              {
                "attached": true,
                "name_description": "",
                "name_label": "VM root volume",
                "position": "0",
                "size": 50214207488,
                "sr_id": "9573a5ae-5b8f-9d74-f48f-1018a1895716",
                "vbd_id": "bc9f5647-df51-6864-7987-56bb0c1a1bf6",
                "vdi_id": "91706e95-24a4-4df3-a382-179a8c5f73f6"
              }
            ],
            "exp_nested_hvm": false,
            "high_availability": "",
            "host": null,
            "hvm_boot_firmware": "bios",
            "id": "72bd8698-a730-42d1-4adf-655524165b40",
            "installation_method": null,
            "ipv4_addresses": [],
            "ipv6_addresses": [],
            "memory_max": 2147467264,
            "name_description": "",
            "name_label": "master-02",
            "network": [
              {
                "attached": true,
                "device": "0",
                "ipv4_addresses": [],
                "ipv6_addresses": [],
                "mac_address": "fa:75:7e:f8:7f:5d",
                "network_id": "e85bd4b6-dd7b-f8a8-e83b-91948b2f8101"
              }
            ],
            "power_state": "Running",
            "resource_set": "",
            "start_delay": 0,
            "tags": null,
            "template": "3b6330c8-4b93-c3b5-977c-ebab7b503c18",
            "timeouts": null,
            "vga": "std",
            "videoram": 8,
            "wait_for_ip": false
          },
          "sensitive_attributes": [],
          "private": "eyJlMmJmYjczMC1lY2FhLTExZTYtOGY4OC0zNDM2M2JjN2M0YzAiOnsiY3JlYXRlIjozMDAwMDAwMDAwMDAsImRlbGV0ZSI6MzAwMDAwMDAwMDAwLCJ1cGRhdGUiOjMwMDAwMDAwMDAwMH19",
          "dependencies": [
            "data.template_file.master-02_metadata",
            "data.template_file.master-02_userdata",
            "data.xenorchestra_network.master-02_network",
            "data.xenorchestra_sr.master-02_sr",
            "data.xenorchestra_template.master-02_template",
            "xenorchestra_cloud_config.master-02_metadataconfig",
            "xenorchestra_cloud_config.master-02_userdataconfig"
          ]
        }
      ]
    }
  ],
  "check_results": null
}
